
Microsoft Visual Studio Solution File, Format Version 12.00
# Visual Studio Version 16
VisualStudioVersion = 16.0.31702.278
MinimumVisualStudioVersion = 10.0.40219.1
Project("{FAE04EC0-301F-11D3-BF4B-00C04F79EFBC}") = "Praktikum8a", "Praktikum8a\Praktikum8a.csproj", "{0C302E99-9954-4035-8252-43AB0C5D237F}"
EndProject
Global
	GlobalSection(SolutionConfigurationPlatforms) = preSolution
		Debug|Any CPU = Debug|Any CPU
		Release|Any CPU = Release|Any CPU
	EndGlobalSection
	GlobalSection(ProjectConfigurationPlatforms) = postSolution
		{0C302E99-9954-4035-8252-43AB0C5D237F}.Debug|Any CPU.ActiveCfg = Debug|Any CPU
		{0C302E99-9954-4035-8252-43AB0C5D237F}.Debug|Any CPU.Build.0 = Debug|Any CPU
		{0C302E99-9954-4035-8252-43AB0C5D237F}.Release|Any CPU.ActiveCfg = Release|Any CPU
		{0C302E99-9954-4035-8252-43AB0C5D237F}.Release|Any CPU.Build.0 = Release|Any CPU
	EndGlobalSection
	GlobalSection(SolutionProperties) = preSolution
		HideSolutionNode = FALSE
	EndGlobalSection
	GlobalSection(ExtensibilityGlobals) = postSolution
		SolutionGuid = {767C2BFE-EB2F-4319-9970-13A1CD8CEEFA}
	EndGlobalSection
EndGlobal
